
Microsoft Visual Studio Solution File, Format Version 12.00
# Visual Studio Version 16
VisualStudioVersion = 16.0.30717.126
MinimumVisualStudioVersion = 10.0.40219.1
Project("{FAE04EC0-301F-11D3-BF4B-00C04F79EFBC}") = "NewsletterAppMVC", "NewsletterAppMVC.csproj", "{126BAB5F-5989-4A64-8318-45A0C9875294}"
EndProject
Global
	GlobalSection(SolutionConfigurationPlatforms) = preSolution
		Debug|Any CPU = Debug|Any CPU
		Release|Any CPU = Release|Any CPU
	EndGlobalSection
	GlobalSection(ProjectConfigurationPlatforms) = postSolution
		{126BAB5F-5989-4A64-8318-45A0C9875294}.Debug|Any CPU.ActiveCfg = Debug|Any CPU
		{126BAB5F-5989-4A64-8318-45A0C9875294}.Debug|Any CPU.Build.0 = Debug|Any CPU
		{126BAB5F-5989-4A64-8318-45A0C9875294}.Release|Any CPU.ActiveCfg = Release|Any CPU
		{126BAB5F-5989-4A64-8318-45A0C9875294}.Release|Any CPU.Build.0 = Release|Any CPU
	EndGlobalSection
	GlobalSection(SolutionProperties) = preSolution
		HideSolutionNode = FALSE
	EndGlobalSection
	GlobalSection(ExtensibilityGlobals) = postSolution
		SolutionGuid = {EABFAEE7-1597-4818-B825-846398CF6BEC}
	EndGlobalSection
EndGlobal
