
Microsoft Visual Studio Solution File, Format Version 12.00
# Visual Studio Version 16
VisualStudioVersion = 16.0.31105.61
MinimumVisualStudioVersion = 10.0.40219.1
Project("{9A19103F-16F7-4668-BE54-9A1E7A4F7556}") = "ChallengeAssignment", "ChallengeAssignment.csproj", "{BBA225E4-241C-4B5E-962A-8894C7FD775A}"
EndProject
Global
	GlobalSection(SolutionConfigurationPlatforms) = preSolution
		Debug|Any CPU = Debug|Any CPU
		Release|Any CPU = Release|Any CPU
	EndGlobalSection
	GlobalSection(ProjectConfigurationPlatforms) = postSolution
		{BBA225E4-241C-4B5E-962A-8894C7FD775A}.Debug|Any CPU.ActiveCfg = Debug|Any CPU
		{BBA225E4-241C-4B5E-962A-8894C7FD775A}.Debug|Any CPU.Build.0 = Debug|Any CPU
		{BBA225E4-241C-4B5E-962A-8894C7FD775A}.Release|Any CPU.ActiveCfg = Release|Any CPU
		{BBA225E4-241C-4B5E-962A-8894C7FD775A}.Release|Any CPU.Build.0 = Release|Any CPU
	EndGlobalSection
	GlobalSection(SolutionProperties) = preSolution
		HideSolutionNode = FALSE
	EndGlobalSection
	GlobalSection(ExtensibilityGlobals) = postSolution
		SolutionGuid = {AA8AD54A-E789-4778-8842-A577B6F0C784}
	EndGlobalSection
EndGlobal
